
Microsoft Visual Studio Solution File, Format Version 12.00
# Visual Studio 15
VisualStudioVersion = 15.0.27703.2018
MinimumVisualStudioVersion = 10.0.40219.1
Project("{8BC9CEB8-8B4A-11D0-8D11-00A0C91BC942}") = "LL(1)syntactic analyzer", "LL(1)syntactic analyzer\LL(1)syntactic analyzer.vcxproj", "{73933BEF-9CE0-4876-8478-C0CD1F0867F0}"
EndProject
Global
	GlobalSection(SolutionConfigurationPlatforms) = preSolution
		Debug|x64 = Debug|x64
		Debug|x86 = Debug|x86
		Release|x64 = Release|x64
		Release|x86 = Release|x86
	EndGlobalSection
	GlobalSection(ProjectConfigurationPlatforms) = postSolution
		{73933BEF-9CE0-4876-8478-C0CD1F0867F0}.Debug|x64.ActiveCfg = Debug|x64
		{73933BEF-9CE0-4876-8478-C0CD1F0867F0}.Debug|x64.Build.0 = Debug|x64
		{73933BEF-9CE0-4876-8478-C0CD1F0867F0}.Debug|x86.ActiveCfg = Debug|Win32
		{73933BEF-9CE0-4876-8478-C0CD1F0867F0}.Debug|x86.Build.0 = Debug|Win32
		{73933BEF-9CE0-4876-8478-C0CD1F0867F0}.Release|x64.ActiveCfg = Release|x64
		{73933BEF-9CE0-4876-8478-C0CD1F0867F0}.Release|x64.Build.0 = Release|x64
		{73933BEF-9CE0-4876-8478-C0CD1F0867F0}.Release|x86.ActiveCfg = Release|Win32
		{73933BEF-9CE0-4876-8478-C0CD1F0867F0}.Release|x86.Build.0 = Release|Win32
	EndGlobalSection
	GlobalSection(SolutionProperties) = preSolution
		HideSolutionNode = FALSE
	EndGlobalSection
	GlobalSection(ExtensibilityGlobals) = postSolution
		SolutionGuid = {FBA44247-B5A7-4488-A78B-0D3206BF6F6A}
	EndGlobalSection
EndGlobal
